
Microsoft Visual Studio Solution File, Format Version 12.00
# Visual Studio 15
VisualStudioVersion = 15.0.28307.168
MinimumVisualStudioVersion = 10.0.40219.1
Project("{FAE04EC0-301F-11D3-BF4B-00C04F79EFBC}") = "Stock.WebServer", "Stock.WebServer\Stock.WebServer.csproj", "{4E6FB596-D2E1-49E3-A537-59C4F4205ED8}"
EndProject
Global
	GlobalSection(SolutionConfigurationPlatforms) = preSolution
		Debug|Any CPU = Debug|Any CPU
		Release|Any CPU = Release|Any CPU
	EndGlobalSection
	GlobalSection(ProjectConfigurationPlatforms) = postSolution
		{4E6FB596-D2E1-49E3-A537-59C4F4205ED8}.Debug|Any CPU.ActiveCfg = Debug|Any CPU
		{4E6FB596-D2E1-49E3-A537-59C4F4205ED8}.Debug|Any CPU.Build.0 = Debug|Any CPU
		{4E6FB596-D2E1-49E3-A537-59C4F4205ED8}.Release|Any CPU.ActiveCfg = Release|Any CPU
		{4E6FB596-D2E1-49E3-A537-59C4F4205ED8}.Release|Any CPU.Build.0 = Release|Any CPU
	EndGlobalSection
	GlobalSection(SolutionProperties) = preSolution
		HideSolutionNode = FALSE
	EndGlobalSection
	GlobalSection(ExtensibilityGlobals) = postSolution
		SolutionGuid = {F159C463-979B-4A0D-974D-A1B71D5F6636}
	EndGlobalSection
EndGlobal
